// !$*UTF8*$!
{
	archiveVersion = 1;
	classes = {
	};
	objectVersion = 50;
	objects = {

/* Begin PBXBuildFile section */
		4A10168622C651E900236239 /* AppDelegate.swift in Sources */ = {isa = PBXBuildFile; fileRef = 4A10168522C651E900236239 /* AppDelegate.swift */; };
		4A10168822C651E900236239 /* ViewController.swift in Sources */ = {isa = PBXBuildFile; fileRef = 4A10168722C651E900236239 /* ViewController.swift */; };
		4A10168B22C651E900236239 /* Main.storyboard in Resources */ = {isa = PBXBuildFile; fileRef = 4A10168922C651E900236239 /* Main.storyboard */; };
		4A10168D22C651EE00236239 /* Assets.xcassets in Resources */ = {isa = PBXBuildFile; fileRef = 4A10168C22C651EE00236239 /* Assets.xcassets */; };
		4A10169022C651EE00236239 /* LaunchScreen.storyboard in Resources */ = {isa = PBXBuildFile; fileRef = 4A10168E22C651EE00236239 /* LaunchScreen.storyboard */; };
		4A10169B22C651EE00236239 /* ProductHuntDemoTests.swift in Sources */ = {isa = PBXBuildFile; fileRef = 4A10169A22C651EE00236239 /* ProductHuntDemoTests.swift */; };
		4A1016A622C651EE00236239 /* ProductHuntDemoUITests.swift in Sources */ = {isa = PBXBuildFile; fileRef = 4A1016A522C651EE00236239 /* ProductHuntDemoUITests.swift */; };
		4A1016B822C652BE00236239 /* APIService.swift in Sources */ = {isa = PBXBuildFile; fileRef = 4A1016B722C652BD00236239 /* APIService.swift */; };
		4A1016BB22C6549B00236239 /* PostsViewController.swift in Sources */ = {isa = PBXBuildFile; fileRef = 4A1016B922C6549B00236239 /* PostsViewController.swift */; };
		4A1016BC22C6549B00236239 /* PostsViewController.xib in Resources */ = {isa = PBXBuildFile; fileRef = 4A1016BA22C6549B00236239 /* PostsViewController.xib */; };
		4A1016BE22C6620900236239 /* PostResponse.swift in Sources */ = {isa = PBXBuildFile; fileRef = 4A1016BD22C6620900236239 /* PostResponse.swift */; };
		4A1016C022C662AA00236239 /* Post.swift in Sources */ = {isa = PBXBuildFile; fileRef = 4A1016BF22C662AA00236239 /* Post.swift */; };
		4A1016C222C662F000236239 /* Topic.swift in Sources */ = {isa = PBXBuildFile; fileRef = 4A1016C122C662F000236239 /* Topic.swift */; };
		4A1016C422C6639400236239 /* Thumbnail.swift in Sources */ = {isa = PBXBuildFile; fileRef = 4A1016C322C6639400236239 /* Thumbnail.swift */; };
		4A1016C622C663F600236239 /* ScreenshotUrl.swift in Sources */ = {isa = PBXBuildFile; fileRef = 4A1016C522C663F600236239 /* ScreenshotUrl.swift */; };
		4A1016C822C666AE00236239 /* Maker.swift in Sources */ = {isa = PBXBuildFile; fileRef = 4A1016C722C666AE00236239 /* Maker.swift */; };
		4A1016CA22C666D500236239 /* ImageUrl.swift in Sources */ = {isa = PBXBuildFile; fileRef = 4A1016C922C666D500236239 /* ImageUrl.swift */; };
		4A1016CD22C66D8600236239 /* CurrentUser.swift in Sources */ = {isa = PBXBuildFile; fileRef = 4A1016CC22C66D8600236239 /* CurrentUser.swift */; };
		4A1016CF22C66DE600236239 /* HomePresenter.swift in Sources */ = {isa = PBXBuildFile; fileRef = 4A1016CE22C66DE600236239 /* HomePresenter.swift */; };
		4A1016D222C67B9800236239 /* ViewControllerUtils.swift in Sources */ = {isa = PBXBuildFile; fileRef = 4A1016D122C67B9800236239 /* ViewControllerUtils.swift */; };
		4A1016D622C67D6B00236239 /* PostViewCell.swift in Sources */ = {isa = PBXBuildFile; fileRef = 4A1016D422C67D6B00236239 /* PostViewCell.swift */; };
		4A1016D722C67D6B00236239 /* PostViewCell.xib in Resources */ = {isa = PBXBuildFile; fileRef = 4A1016D522C67D6B00236239 /* PostViewCell.xib */; };
		4A1016DA22C68B3E00236239 /* placeholder.jpg in Resources */ = {isa = PBXBuildFile; fileRef = 4A1016D922C68B3E00236239 /* placeholder.jpg */; };
		4A1016DD22C6955600236239 /* CommentResponse.swift in Sources */ = {isa = PBXBuildFile; fileRef = 4A1016DC22C6955600236239 /* CommentResponse.swift */; };
		4A1016DF22C695DC00236239 /* Comment.swift in Sources */ = {isa = PBXBuildFile; fileRef = 4A1016DE22C695DC00236239 /* Comment.swift */; };
		671DC91A2AD414607929B507 /* Pods_ProductHuntDemo.framework in Frameworks */ = {isa = PBXBuildFile; fileRef = 7FAD4CC62377994BBF797FE7 /* Pods_ProductHuntDemo.framework */; };
/* End PBXBuildFile section */

/* Begin PBXContainerItemProxy section */
		4A10169722C651EE00236239 /* PBXContainerItemProxy */ = {
			isa = PBXContainerItemProxy;
			containerPortal = 4A10167A22C651E800236239 /* Project object */;
			proxyType = 1;
			remoteGlobalIDString = 4A10168122C651E800236239;
			remoteInfo = ProductHuntDemo;
		};
		4A1016A222C651EE00236239 /* PBXContainerItemProxy */ = {
			isa = PBXContainerItemProxy;
			containerPortal = 4A10167A22C651E800236239 /* Project object */;
			proxyType = 1;
			remoteGlobalIDString = 4A10168122C651E800236239;
			remoteInfo = ProductHuntDemo;
		};
/* End PBXContainerItemProxy section */

/* Begin PBXFileReference section */
		4A10168222C651E900236239 /* ProductHuntDemo.app */ = {isa = PBXFileReference; explicitFileType = wrapper.application; includeInIndex = 0; path = ProductHuntDemo.app; sourceTree = BUILT_PRODUCTS_DIR; };
		4A10168522C651E900236239 /* AppDelegate.swift */ = {isa = PBXFileReference; lastKnownFileType = sourcecode.swift; path = AppDelegate.swift; sourceTree = "<group>"; };
		4A10168722C651E900236239 /* ViewController.swift */ = {isa = PBXFileReference; lastKnownFileType = sourcecode.swift; path = ViewController.swift; sourceTree = "<group>"; };
		4A10168A22C651E900236239 /* Base */ = {isa = PBXFileReference; lastKnownFileType = file.storyboard; name = Base; path = Base.lproj/Main.storyboard; sourceTree = "<group>"; };
		4A10168C22C651EE00236239 /* Assets.xcassets */ = {isa = PBXFileReference; lastKnownFileType = folder.assetcatalog; path = Assets.xcassets; sourceTree = "<group>"; };
		4A10168F22C651EE00236239 /* Base */ = {isa = PBXFileReference; lastKnownFileType = file.storyboard; name = Base; path = Base.lproj/LaunchScreen.storyboard; sourceTree = "<group>"; };
		4A10169122C651EE00236239 /* Info.plist */ = {isa = PBXFileReference; lastKnownFileType = text.plist.xml; path = Info.plist; sourceTree = "<group>"; };
		4A10169622C651EE00236239 /* ProductHuntDemoTests.xctest */ = {isa = PBXFileReference; explicitFileType = wrapper.cfbundle; includeInIndex = 0; path = ProductHuntDemoTests.xctest; sourceTree = BUILT_PRODUCTS_DIR; };
		4A10169A22C651EE00236239 /* ProductHuntDemoTests.swift */ = {isa = PBXFileReference; lastKnownFileType = sourcecode.swift; path = ProductHuntDemoTests.swift; sourceTree = "<group>"; };
		4A10169C22C651EE00236239 /* Info.plist */ = {isa = PBXFileReference; lastKnownFileType = text.plist.xml; path = Info.plist; sourceTree = "<group>"; };
		4A1016A122C651EE00236239 /* ProductHuntDemoUITests.xctest */ = {isa = PBXFileReference; explicitFileType = wrapper.cfbundle; includeInIndex = 0; path = ProductHuntDemoUITests.xctest; sourceTree = BUILT_PRODUCTS_DIR; };
		4A1016A522C651EE00236239 /* ProductHuntDemoUITests.swift */ = {isa = PBXFileReference; lastKnownFileType = sourcecode.swift; path = ProductHuntDemoUITests.swift; sourceTree = "<group>"; };
		4A1016A722C651EE00236239 /* Info.plist */ = {isa = PBXFileReference; lastKnownFileType = text.plist.xml; path = Info.plist; sourceTree = "<group>"; };
		4A1016B722C652BD00236239 /* APIService.swift */ = {isa = PBXFileReference; fileEncoding = 4; lastKnownFileType = sourcecode.swift; path = APIService.swift; sourceTree = "<group>"; };
		4A1016B922C6549B00236239 /* PostsViewController.swift */ = {isa = PBXFileReference; lastKnownFileType = sourcecode.swift; path = PostsViewController.swift; sourceTree = "<group>"; };
		4A1016BA22C6549B00236239 /* PostsViewController.xib */ = {isa = PBXFileReference; lastKnownFileType = file.xib; path = PostsViewController.xib; sourceTree = "<group>"; };
		4A1016BD22C6620900236239 /* PostResponse.swift */ = {isa = PBXFileReference; lastKnownFileType = sourcecode.swift; path = PostResponse.swift; sourceTree = "<group>"; };
		4A1016BF22C662AA00236239 /* Post.swift */ = {isa = PBXFileReference; lastKnownFileType = sourcecode.swift; path = Post.swift; sourceTree = "<group>"; };
		4A1016C122C662F000236239 /* Topic.swift */ = {isa = PBXFileReference; lastKnownFileType = sourcecode.swift; path = Topic.swift; sourceTree = "<group>"; };
		4A1016C322C6639400236239 /* Thumbnail.swift */ = {isa = PBXFileReference; lastKnownFileType = sourcecode.swift; path = Thumbnail.swift; sourceTree = "<group>"; };
		4A1016C522C663F600236239 /* ScreenshotUrl.swift */ = {isa = PBXFileReference; lastKnownFileType = sourcecode.swift; path = ScreenshotUrl.swift; sourceTree = "<group>"; };
		4A1016C722C666AE00236239 /* Maker.swift */ = {isa = PBXFileReference; lastKnownFileType = sourcecode.swift; path = Maker.swift; sourceTree = "<group>"; };
		4A1016C922C666D500236239 /* ImageUrl.swift */ = {isa = PBXFileReference; lastKnownFileType = sourcecode.swift; path = ImageUrl.swift; sourceTree = "<group>"; };
		4A1016CC22C66D8600236239 /* CurrentUser.swift */ = {isa = PBXFileReference; lastKnownFileType = sourcecode.swift; path = CurrentUser.swift; sourceTree = "<group>"; };
		4A1016CE22C66DE600236239 /* HomePresenter.swift */ = {isa = PBXFileReference; fileEncoding = 4; lastKnownFileType = sourcecode.swift; path = HomePresenter.swift; sourceTree = "<group>"; };
		4A1016D122C67B9800236239 /* ViewControllerUtils.swift */ = {isa = PBXFileReference; lastKnownFileType = sourcecode.swift; path = ViewControllerUtils.swift; sourceTree = "<group>"; };
		4A1016D422C67D6B00236239 /* PostViewCell.swift */ = {isa = PBXFileReference; lastKnownFileType = sourcecode.swift; path = PostViewCell.swift; sourceTree = "<group>"; };
		4A1016D522C67D6B00236239 /* PostViewCell.xib */ = {isa = PBXFileReference; lastKnownFileType = file.xib; path = PostViewCell.xib; sourceTree = "<group>"; };
		4A1016D922C68B3E00236239 /* placeholder.jpg */ = {isa = PBXFileReference; lastKnownFileType = image.jpeg; path = placeholder.jpg; sourceTree = "<group>"; };
		4A1016DC22C6955600236239 /* CommentResponse.swift */ = {isa = PBXFileReference; lastKnownFileType = sourcecode.swift; path = CommentResponse.swift; sourceTree = "<group>"; };
		4A1016DE22C695DC00236239 /* Comment.swift */ = {isa = PBXFileReference; lastKnownFileType = sourcecode.swift; path = Comment.swift; sourceTree = "<group>"; };
		7FAD4CC62377994BBF797FE7 /* Pods_ProductHuntDemo.framework */ = {isa = PBXFileReference; explicitFileType = wrapper.framework; includeInIndex = 0; path = Pods_ProductHuntDemo.framework; sourceTree = BUILT_PRODUCTS_DIR; };
		B1A5DF5DD80A94ED1D8C9A2F /* Pods-ProductHuntDemo.release.xcconfig */ = {isa = PBXFileReference; includeInIndex = 1; lastKnownFileType = text.xcconfig; name = "Pods-ProductHuntDemo.release.xcconfig"; path = "Pods/Target Support Files/Pods-ProductHuntDemo/Pods-ProductHuntDemo.release.xcconfig"; sourceTree = "<group>"; };
		DDE8ACD7AFF395B7AC9D7C03 /* Pods-ProductHuntDemo.debug.xcconfig */ = {isa = PBXFileReference; includeInIndex = 1; lastKnownFileType = text.xcconfig; name = "Pods-ProductHuntDemo.debug.xcconfig"; path = "Pods/Target Support Files/Pods-ProductHuntDemo/Pods-ProductHuntDemo.debug.xcconfig"; sourceTree = "<group>"; };
/* End PBXFileReference section */

/* Begin PBXFrameworksBuildPhase section */
		4A10167F22C651E800236239 /* Frameworks */ = {
			isa = PBXFrameworksBuildPhase;
			buildActionMask = 2147483647;
			files = (
				671DC91A2AD414607929B507 /* Pods_ProductHuntDemo.framework in Frameworks */,
			);
			runOnlyForDeploymentPostprocessing = 0;
		};
		4A10169322C651EE00236239 /* Frameworks */ = {
			isa = PBXFrameworksBuildPhase;
			buildActionMask = 2147483647;
			files = (
			);
			runOnlyForDeploymentPostprocessing = 0;
		};
		4A10169E22C651EE00236239 /* Frameworks */ = {
			isa = PBXFrameworksBuildPhase;
			buildActionMask = 2147483647;
			files = (
			);
			runOnlyForDeploymentPostprocessing = 0;
		};
/* End PBXFrameworksBuildPhase section */

/* Begin PBXGroup section */
		40BC6975500F3F420872F3CF /* Pods */ = {
			isa = PBXGroup;
			children = (
				DDE8ACD7AFF395B7AC9D7C03 /* Pods-ProductHuntDemo.debug.xcconfig */,
				B1A5DF5DD80A94ED1D8C9A2F /* Pods-ProductHuntDemo.release.xcconfig */,
			);
			name = Pods;
			sourceTree = "<group>";
		};
		4A10167922C651E800236239 = {
			isa = PBXGroup;
			children = (
				4A10168422C651E900236239 /* ProductHuntDemo */,
				4A10169922C651EE00236239 /* ProductHuntDemoTests */,
				4A1016A422C651EE00236239 /* ProductHuntDemoUITests */,
				4A10168322C651E900236239 /* Products */,
				40BC6975500F3F420872F3CF /* Pods */,
				84C5DEEFE11C82A2AF6A64D7 /* Frameworks */,
			);
			sourceTree = "<group>";
		};
		4A10168322C651E900236239 /* Products */ = {
			isa = PBXGroup;
			children = (
				4A10168222C651E900236239 /* ProductHuntDemo.app */,
				4A10169622C651EE00236239 /* ProductHuntDemoTests.xctest */,
				4A1016A122C651EE00236239 /* ProductHuntDemoUITests.xctest */,
			);
			name = Products;
			sourceTree = "<group>";
		};
		4A10168422C651E900236239 /* ProductHuntDemo */ = {
			isa = PBXGroup;
			children = (
				4A1016D822C68B1200236239 /* Assessts */,
				4A1016D022C67B8000236239 /* Utils */,
				4A1016B622C6528000236239 /* Model */,
				4A1016B522C6527300236239 /* Presenter */,
				4A1016B422C6525D00236239 /* View Controller */,
				4A1016B322C6524C00236239 /* Network */,
				4A10168522C651E900236239 /* AppDelegate.swift */,
				4A10168722C651E900236239 /* ViewController.swift */,
				4A10168922C651E900236239 /* Main.storyboard */,
				4A10168C22C651EE00236239 /* Assets.xcassets */,
				4A10168E22C651EE00236239 /* LaunchScreen.storyboard */,
				4A10169122C651EE00236239 /* Info.plist */,
			);
			path = ProductHuntDemo;
			sourceTree = "<group>";
		};
		4A10169922C651EE00236239 /* ProductHuntDemoTests */ = {
			isa = PBXGroup;
			children = (
				4A10169A22C651EE00236239 /* ProductHuntDemoTests.swift */,
				4A10169C22C651EE00236239 /* Info.plist */,
			);
			path = ProductHuntDemoTests;
			sourceTree = "<group>";
		};
		4A1016A422C651EE00236239 /* ProductHuntDemoUITests */ = {
			isa = PBXGroup;
			children = (
				4A1016A522C651EE00236239 /* ProductHuntDemoUITests.swift */,
				4A1016A722C651EE00236239 /* Info.plist */,
			);
			path = ProductHuntDemoUITests;
			sourceTree = "<group>";
		};
		4A1016B322C6524C00236239 /* Network */ = {
			isa = PBXGroup;
			children = (
				4A1016B722C652BD00236239 /* APIService.swift */,
			);
			path = Network;
			sourceTree = "<group>";
		};
		4A1016B422C6525D00236239 /* View Controller */ = {
			isa = PBXGroup;
			children = (
				4A1016D322C67D4800236239 /* Cells & Views */,
				4A1016B922C6549B00236239 /* PostsViewController.swift */,
				4A1016BA22C6549B00236239 /* PostsViewController.xib */,
			);
			path = "View Controller";
			sourceTree = "<group>";
		};
		4A1016B522C6527300236239 /* Presenter */ = {
			isa = PBXGroup;
			children = (
				4A1016CE22C66DE600236239 /* HomePresenter.swift */,
			);
			path = Presenter;
			sourceTree = "<group>";
		};
		4A1016B622C6528000236239 /* Model */ = {
			isa = PBXGroup;
			children = (
				4A1016DB22C6953600236239 /* Comment */,
				4A1016CB22C6670C00236239 /* Post */,
			);
			path = Model;
			sourceTree = "<group>";
		};
		4A1016CB22C6670C00236239 /* Post */ = {
			isa = PBXGroup;
			children = (
				4A1016BD22C6620900236239 /* PostResponse.swift */,
				4A1016BF22C662AA00236239 /* Post.swift */,
				4A1016C122C662F000236239 /* Topic.swift */,
				4A1016C322C6639400236239 /* Thumbnail.swift */,
				4A1016C522C663F600236239 /* ScreenshotUrl.swift */,
				4A1016C722C666AE00236239 /* Maker.swift */,
				4A1016C922C666D500236239 /* ImageUrl.swift */,
				4A1016CC22C66D8600236239 /* CurrentUser.swift */,
			);
			path = Post;
			sourceTree = "<group>";
		};
		4A1016D022C67B8000236239 /* Utils */ = {
			isa = PBXGroup;
			children = (
				4A1016D122C67B9800236239 /* ViewControllerUtils.swift */,
			);
			path = Utils;
			sourceTree = "<group>";
		};
		4A1016D322C67D4800236239 /* Cells & Views */ = {
			isa = PBXGroup;
			children = (
				4A1016D422C67D6B00236239 /* PostViewCell.swift */,
				4A1016D522C67D6B00236239 /* PostViewCell.xib */,
			);
			path = "Cells & Views";
			sourceTree = "<group>";
		};
		4A1016D822C68B1200236239 /* Assessts */ = {
			isa = PBXGroup;
			children = (
				4A1016D922C68B3E00236239 /* placeholder.jpg */,
			);
			path = Assessts;
			sourceTree = "<group>";
		};
		4A1016DB22C6953600236239 /* Comment */ = {
			isa = PBXGroup;
			children = (
				4A1016DC22C6955600236239 /* CommentResponse.swift */,
				4A1016DE22C695DC00236239 /* Comment.swift */,
			);
			path = Comment;
			sourceTree = "<group>";
		};
		84C5DEEFE11C82A2AF6A64D7 /* Frameworks */ = {
			isa = PBXGroup;
			children = (
				7FAD4CC62377994BBF797FE7 /* Pods_ProductHuntDemo.framework */,
			);
			name = Frameworks;
			sourceTree = "<group>";
		};
/* End PBXGroup section */

/* Begin PBXNativeTarget section */
		4A10168122C651E800236239 /* ProductHuntDemo */ = {
			isa = PBXNativeTarget;
			buildConfigurationList = 4A1016AA22C651EE00236239 /* Build configuration list for PBXNativeTarget "ProductHuntDemo" */;
			buildPhases = (
				B52DE9F89AD642580A59B225 /* [CP] Check Pods Manifest.lock */,
				4A10167E22C651E800236239 /* Sources */,
				4A10167F22C651E800236239 /* Frameworks */,
				4A10168022C651E800236239 /* Resources */,
				43FA1B98B40C9B78B734B8C8 /* [CP] Embed Pods Frameworks */,
			);
			buildRules = (
			);
			dependencies = (
			);
			name = ProductHuntDemo;
			productName = ProductHuntDemo;
			productReference = 4A10168222C651E900236239 /* ProductHuntDemo.app */;
			productType = "com.apple.product-type.application";
		};
		4A10169522C651EE00236239 /* ProductHuntDemoTests */ = {
			isa = PBXNativeTarget;
			buildConfigurationList = 4A1016AD22C651EE00236239 /* Build configuration list for PBXNativeTarget "ProductHuntDemoTests" */;
			buildPhases = (
				4A10169222C651EE00236239 /* Sources */,
				4A10169322C651EE00236239 /* Frameworks */,
				4A10169422C651EE00236239 /* Resources */,
			);
			buildRules = (
			);
			dependencies = (
				4A10169822C651EE00236239 /* PBXTargetDependency */,
			);
			name = ProductHuntDemoTests;
			productName = ProductHuntDemoTests;
			productReference = 4A10169622C651EE00236239 /* ProductHuntDemoTests.xctest */;
			productType = "com.apple.product-type.bundle.unit-test";
		};
		4A1016A022C651EE00236239 /* ProductHuntDemoUITests */ = {
			isa = PBXNativeTarget;
			buildConfigurationList = 4A1016B022C651EE00236239 /* Build configuration list for PBXNativeTarget "ProductHuntDemoUITests" */;
			buildPhases = (
				4A10169D22C651EE00236239 /* Sources */,
				4A10169E22C651EE00236239 /* Frameworks */,
				4A10169F22C651EE00236239 /* Resources */,
			);
			buildRules = (
			);
			dependencies = (
				4A1016A322C651EE00236239 /* PBXTargetDependency */,
			);
			name = ProductHuntDemoUITests;
			productName = ProductHuntDemoUITests;
			productReference = 4A1016A122C651EE00236239 /* ProductHuntDemoUITests.xctest */;
			productType = "com.apple.product-type.bundle.ui-testing";
		};
/* End PBXNativeTarget section */

/* Begin PBXProject section */
		4A10167A22C651E800236239 /* Project object */ = {
			isa = PBXProject;
			attributes = {
				LastSwiftUpdateCheck = 1020;
				LastUpgradeCheck = 1020;
				ORGANIZATIONNAME = "Ahmed Hesham";
				TargetAttributes = {
					4A10168122C651E800236239 = {
						CreatedOnToolsVersion = 10.2.1;
					};
					4A10169522C651EE00236239 = {
						CreatedOnToolsVersion = 10.2.1;
						TestTargetID = 4A10168122C651E800236239;
					};
					4A1016A022C651EE00236239 = {
						CreatedOnToolsVersion = 10.2.1;
						TestTargetID = 4A10168122C651E800236239;
					};
				};
			};
			buildConfigurationList = 4A10167D22C651E800236239 /* Build configuration list for PBXProject "ProductHuntDemo" */;
			compatibilityVersion = "Xcode 9.3";
			developmentRegion = en;
			hasScannedForEncodings = 0;
			knownRegions = (
				en,
				Base,
			);
			mainGroup = 4A10167922C651E800236239;
			productRefGroup = 4A10168322C651E900236239 /* Products */;
			projectDirPath = "";
			projectRoot = "";
			targets = (
				4A10168122C651E800236239 /* ProductHuntDemo */,
				4A10169522C651EE00236239 /* ProductHuntDemoTests */,
				4A1016A022C651EE00236239 /* ProductHuntDemoUITests */,
			);
		};
/* End PBXProject section */

/* Begin PBXResourcesBuildPhase section */
		4A10168022C651E800236239 /* Resources */ = {
			isa = PBXResourcesBuildPhase;
			buildActionMask = 2147483647;
			files = (
				4A1016BC22C6549B00236239 /* PostsViewController.xib in Resources */,
				4A1016DA22C68B3E00236239 /* placeholder.jpg in Resources */,
				4A10169022C651EE00236239 /* LaunchScreen.storyboard in Resources */,
				4A10168D22C651EE00236239 /* Assets.xcassets in Resources */,
				4A1016D722C67D6B00236239 /* PostViewCell.xib in Resources */,
				4A10168B22C651E900236239 /* Main.storyboard in Resources */,
			);
			runOnlyForDeploymentPostprocessing = 0;
		};
		4A10169422C651EE00236239 /* Resources */ = {
			isa = PBXResourcesBuildPhase;
			buildActionMask = 2147483647;
			files = (
			);
			runOnlyForDeploymentPostprocessing = 0;
		};
		4A10169F22C651EE00236239 /* Resources */ = {
			isa = PBXResourcesBuildPhase;
			buildActionMask = 2147483647;
			files = (
			);
			runOnlyForDeploymentPostprocessing = 0;
		};
/* End PBXResourcesBuildPhase section */

/* Begin PBXShellScriptBuildPhase section */
		43FA1B98B40C9B78B734B8C8 /* [CP] Embed Pods Frameworks */ = {
			isa = PBXShellScriptBuildPhase;
			buildActionMask = 2147483647;
			files = (
			);
			inputFileListPaths = (
			);
			inputPaths = (
				"${SRCROOT}/Pods/Target Support Files/Pods-ProductHuntDemo/Pods-ProductHuntDemo-frameworks.sh",
				"${BUILT_PRODUCTS_DIR}/Alamofire/Alamofire.framework",
				"${BUILT_PRODUCTS_DIR}/Moya/Moya.framework",
				"${BUILT_PRODUCTS_DIR}/Moya-ObjectMapper/Moya_ObjectMapper.framework",
				"${BUILT_PRODUCTS_DIR}/ObjectMapper/ObjectMapper.framework",
				"${BUILT_PRODUCTS_DIR}/Result/Result.framework",
				"${BUILT_PRODUCTS_DIR}/moa/moa.framework",
			);
			name = "[CP] Embed Pods Frameworks";
			outputFileListPaths = (
			);
			outputPaths = (
				"${TARGET_BUILD_DIR}/${FRAMEWORKS_FOLDER_PATH}/Alamofire.framework",
				"${TARGET_BUILD_DIR}/${FRAMEWORKS_FOLDER_PATH}/Moya.framework",
				"${TARGET_BUILD_DIR}/${FRAMEWORKS_FOLDER_PATH}/Moya_ObjectMapper.framework",
				"${TARGET_BUILD_DIR}/${FRAMEWORKS_FOLDER_PATH}/ObjectMapper.framework",
				"${TARGET_BUILD_DIR}/${FRAMEWORKS_FOLDER_PATH}/Result.framework",
				"${TARGET_BUILD_DIR}/${FRAMEWORKS_FOLDER_PATH}/moa.framework",
			);
			runOnlyForDeploymentPostprocessing = 0;
			shellPath = /bin/sh;
			shellScript = "\"${SRCROOT}/Pods/Target Support Files/Pods-ProductHuntDemo/Pods-ProductHuntDemo-frameworks.sh\"\n";
			showEnvVarsInLog = 0;
		};
		B52DE9F89AD642580A59B225 /* [CP] Check Pods Manifest.lock */ = {
			isa = PBXShellScriptBuildPhase;
			buildActionMask = 2147483647;
			files = (
			);
			inputFileListPaths = (
			);
			inputPaths = (
				"${PODS_PODFILE_DIR_PATH}/Podfile.lock",
				"${PODS_ROOT}/Manifest.lock",
			);
			name = "[CP] Check Pods Manifest.lock";
			outputFileListPaths = (
			);
			outputPaths = (
				"$(DERIVED_FILE_DIR)/Pods-ProductHuntDemo-checkManifestLockResult.txt",
			);
			runOnlyForDeploymentPostprocessing = 0;
			shellPath = /bin/sh;
			shellScript = "diff \"${PODS_PODFILE_DIR_PATH}/Podfile.lock\" \"${PODS_ROOT}/Manifest.lock\" > /dev/null\nif [ $? != 0 ] ; then\n    # print error to STDERR\n    echo \"error: The sandbox is not in sync with the Podfile.lock. Run 'pod install' or update your CocoaPods installation.\" >&2\n    exit 1\nfi\n# This output is used by Xcode 'outputs' to avoid re-running this script phase.\necho \"SUCCESS\" > \"${SCRIPT_OUTPUT_FILE_0}\"\n";
			showEnvVarsInLog = 0;
		};
/* End PBXShellScriptBuildPhase section */

/* Begin PBXSourcesBuildPhase section */
		4A10167E22C651E800236239 /* Sources */ = {
			isa = PBXSourcesBuildPhase;
			buildActionMask = 2147483647;
			files = (
				4A1016BB22C6549B00236239 /* PostsViewController.swift in Sources */,
				4A10168822C651E900236239 /* ViewController.swift in Sources */,
				4A1016DD22C6955600236239 /* CommentResponse.swift in Sources */,
				4A1016D222C67B9800236239 /* ViewControllerUtils.swift in Sources */,
				4A1016C822C666AE00236239 /* Maker.swift in Sources */,
				4A1016DF22C695DC00236239 /* Comment.swift in Sources */,
				4A1016BE22C6620900236239 /* PostResponse.swift in Sources */,
				4A1016C022C662AA00236239 /* Post.swift in Sources */,
				4A1016CA22C666D500236239 /* ImageUrl.swift in Sources */,
				4A1016B822C652BE00236239 /* APIService.swift in Sources */,
				4A1016C622C663F600236239 /* ScreenshotUrl.swift in Sources */,
				4A1016D622C67D6B00236239 /* PostViewCell.swift in Sources */,
				4A10168622C651E900236239 /* AppDelegate.swift in Sources */,
				4A1016CF22C66DE600236239 /* HomePresenter.swift in Sources */,
				4A1016C422C6639400236239 /* Thumbnail.swift in Sources */,
				4A1016CD22C66D8600236239 /* CurrentUser.swift in Sources */,
				4A1016C222C662F000236239 /* Topic.swift in Sources */,
			);
			runOnlyForDeploymentPostprocessing = 0;
		};
		4A10169222C651EE00236239 /* Sources */ = {
			isa = PBXSourcesBuildPhase;
			buildActionMask = 2147483647;
			files = (
				4A10169B22C651EE00236239 /* ProductHuntDemoTests.swift in Sources */,
			);
			runOnlyForDeploymentPostprocessing = 0;
		};
		4A10169D22C651EE00236239 /* Sources */ = {
			isa = PBXSourcesBuildPhase;
			buildActionMask = 2147483647;
			files = (
				4A1016A622C651EE00236239 /* ProductHuntDemoUITests.swift in Sources */,
			);
			runOnlyForDeploymentPostprocessing = 0;
		};
/* End PBXSourcesBuildPhase section */

/* Begin PBXTargetDependency section */
		4A10169822C651EE00236239 /* PBXTargetDependency */ = {
			isa = PBXTargetDependency;
			target = 4A10168122C651E800236239 /* ProductHuntDemo */;
			targetProxy = 4A10169722C651EE00236239 /* PBXContainerItemProxy */;
		};
		4A1016A322C651EE00236239 /* PBXTargetDependency */ = {
			isa = PBXTargetDependency;
			target = 4A10168122C651E800236239 /* ProductHuntDemo */;
			targetProxy = 4A1016A222C651EE00236239 /* PBXContainerItemProxy */;
		};
/* End PBXTargetDependency section */

/* Begin PBXVariantGroup section */
		4A10168922C651E900236239 /* Main.storyboard */ = {
			isa = PBXVariantGroup;
			children = (
				4A10168A22C651E900236239 /* Base */,
			);
			name = Main.storyboard;
			sourceTree = "<group>";
		};
		4A10168E22C651EE00236239 /* LaunchScreen.storyboard */ = {
			isa = PBXVariantGroup;
			children = (
				4A10168F22C651EE00236239 /* Base */,
			);
			name = LaunchScreen.storyboard;
			sourceTree = "<group>";
		};
/* End PBXVariantGroup section */

/* Begin XCBuildConfiguration section */
		4A1016A822C651EE00236239 /* Debug */ = {
			isa = XCBuildConfiguration;
			buildSettings = {
				ALWAYS_SEARCH_USER_PATHS = NO;
				CLANG_ANALYZER_NONNULL = YES;
				CLANG_ANALYZER_NUMBER_OBJECT_CONVERSION = YES_AGGRESSIVE;
				CLANG_CXX_LANGUAGE_STANDARD = "gnu++14";
				CLANG_CXX_LIBRARY = "libc++";
				CLANG_ENABLE_MODULES = YES;
				CLANG_ENABLE_OBJC_ARC = YES;
				CLANG_ENABLE_OBJC_WEAK = YES;
				CLANG_WARN_BLOCK_CAPTURE_AUTORELEASING = YES;
				CLANG_WARN_BOOL_CONVERSION = YES;
				CLANG_WARN_COMMA = YES;
				CLANG_WARN_CONSTANT_CONVERSION = YES;
				CLANG_WARN_DEPRECATED_OBJC_IMPLEMENTATIONS = YES;
				CLANG_WARN_DIRECT_OBJC_ISA_USAGE = YES_ERROR;
				CLANG_WARN_DOCUMENTATION_COMMENTS = YES;
				CLANG_WARN_EMPTY_BODY = YES;
				CLANG_WARN_ENUM_CONVERSION = YES;
				CLANG_WARN_INFINITE_RECURSION = YES;
				CLANG_WARN_INT_CONVERSION = YES;
				CLANG_WARN_NON_LITERAL_NULL_CONVERSION = YES;
				CLANG_WARN_OBJC_IMPLICIT_RETAIN_SELF = YES;
				CLANG_WARN_OBJC_LITERAL_CONVERSION = YES;
				CLANG_WARN_OBJC_ROOT_CLASS = YES_ERROR;
				CLANG_WARN_RANGE_LOOP_ANALYSIS = YES;
				CLANG_WARN_STRICT_PROTOTYPES = YES;
				CLANG_WARN_SUSPICIOUS_MOVE = YES;
				CLANG_WARN_UNGUARDED_AVAILABILITY = YES_AGGRESSIVE;
				CLANG_WARN_UNREACHABLE_CODE = YES;
				CLANG_WARN__DUPLICATE_METHOD_MATCH = YES;
				CODE_SIGN_IDENTITY = "iPhone Developer";
				COPY_PHASE_STRIP = NO;
				DEBUG_INFORMATION_FORMAT = dwarf;
				ENABLE_STRICT_OBJC_MSGSEND = YES;
				ENABLE_TESTABILITY = YES;
				GCC_C_LANGUAGE_STANDARD = gnu11;
				GCC_DYNAMIC_NO_PIC = NO;
				GCC_NO_COMMON_BLOCKS = YES;
				GCC_OPTIMIZATION_LEVEL = 0;
				GCC_PREPROCESSOR_DEFINITIONS = (
					"DEBUG=1",
					"$(inherited)",
				);
				GCC_WARN_64_TO_32_BIT_CONVERSION = YES;
				GCC_WARN_ABOUT_RETURN_TYPE = YES_ERROR;
				GCC_WARN_UNDECLARED_SELECTOR = YES;
				GCC_WARN_UNINITIALIZED_AUTOS = YES_AGGRESSIVE;
				GCC_WARN_UNUSED_FUNCTION = YES;
				GCC_WARN_UNUSED_VARIABLE = YES;
				IPHONEOS_DEPLOYMENT_TARGET = 12.2;
				MTL_ENABLE_DEBUG_INFO = INCLUDE_SOURCE;
				MTL_FAST_MATH = YES;
				ONLY_ACTIVE_ARCH = YES;
				SDKROOT = iphoneos;
				SWIFT_ACTIVE_COMPILATION_CONDITIONS = DEBUG;
				SWIFT_OPTIMIZATION_LEVEL = "-Onone";
			};
			name = Debug;
		};
		4A1016A922C651EE00236239 /* Release */ = {
			isa = XCBuildConfiguration;
			buildSettings = {
				ALWAYS_SEARCH_USER_PATHS = NO;
				CLANG_ANALYZER_NONNULL = YES;
				CLANG_ANALYZER_NUMBER_OBJECT_CONVERSION = YES_AGGRESSIVE;
				CLANG_CXX_LANGUAGE_STANDARD = "gnu++14";
				CLANG_CXX_LIBRARY = "libc++";
				CLANG_ENABLE_MODULES = YES;
				CLANG_ENABLE_OBJC_ARC = YES;
				CLANG_ENABLE_OBJC_WEAK = YES;
				CLANG_WARN_BLOCK_CAPTURE_AUTORELEASING = YES;
				CLANG_WARN_BOOL_CONVERSION = YES;
				CLANG_WARN_COMMA = YES;
				CLANG_WARN_CONSTANT_CONVERSION = YES;
				CLANG_WARN_DEPRECATED_OBJC_IMPLEMENTATIONS = YES;
				CLANG_WARN_DIRECT_OBJC_ISA_USAGE = YES_ERROR;
				CLANG_WARN_DOCUMENTATION_COMMENTS = YES;
				CLANG_WARN_EMPTY_BODY = YES;
				CLANG_WARN_ENUM_CONVERSION = YES;
				CLANG_WARN_INFINITE_RECURSION = YES;
				CLANG_WARN_INT_CONVERSION = YES;
				CLANG_WARN_NON_LITERAL_NULL_CONVERSION = YES;
				CLANG_WARN_OBJC_IMPLICIT_RETAIN_SELF = YES;
				CLANG_WARN_OBJC_LITERAL_CONVERSION = YES;
				CLANG_WARN_OBJC_ROOT_CLASS = YES_ERROR;
				CLANG_WARN_RANGE_LOOP_ANALYSIS = YES;
				CLANG_WARN_STRICT_PROTOTYPES = YES;
				CLANG_WARN_SUSPICIOUS_MOVE = YES;
				CLANG_WARN_UNGUARDED_AVAILABILITY = YES_AGGRESSIVE;
				CLANG_WARN_UNREACHABLE_CODE = YES;
				CLANG_WARN__DUPLICATE_METHOD_MATCH = YES;
				CODE_SIGN_IDENTITY = "iPhone Developer";
				COPY_PHASE_STRIP = NO;
				DEBUG_INFORMATION_FORMAT = "dwarf-with-dsym";
				ENABLE_NS_ASSERTIONS = NO;
				ENABLE_STRICT_OBJC_MSGSEND = YES;
				GCC_C_LANGUAGE_STANDARD = gnu11;
				GCC_NO_COMMON_BLOCKS = YES;
				GCC_WARN_64_TO_32_BIT_CONVERSION = YES;
				GCC_WARN_ABOUT_RETURN_TYPE = YES_ERROR;
				GCC_WARN_UNDECLARED_SELECTOR = YES;
				GCC_WARN_UNINITIALIZED_AUTOS = YES_AGGRESSIVE;
				GCC_WARN_UNUSED_FUNCTION = YES;
				GCC_WARN_UNUSED_VARIABLE = YES;
				IPHONEOS_DEPLOYMENT_TARGET = 12.2;
				MTL_ENABLE_DEBUG_INFO = NO;
				MTL_FAST_MATH = YES;
				SDKROOT = iphoneos;
				SWIFT_COMPILATION_MODE = wholemodule;
				SWIFT_OPTIMIZATION_LEVEL = "-O";
				VALIDATE_PRODUCT = YES;
			};
			name = Release;
		};
		4A1016AB22C651EE00236239 /* Debug */ = {
			isa = XCBuildConfiguration;
			baseConfigurationReference = DDE8ACD7AFF395B7AC9D7C03 /* Pods-ProductHuntDemo.debug.xcconfig */;
			buildSettings = {
				ASSETCATALOG_COMPILER_APPICON_NAME = AppIcon;
				CODE_SIGN_STYLE = Automatic;
				INFOPLIST_FILE = ProductHuntDemo/Info.plist;
				LD_RUNPATH_SEARCH_PATHS = (
					"$(inherited)",
					"@executable_path/Frameworks",
				);
				PRODUCT_BUNDLE_IDENTIFIER = com.ahmed.ProductHuntDemo;
				PRODUCT_NAME = "$(TARGET_NAME)";
				SWIFT_VERSION = 5.0;
				TARGETED_DEVICE_FAMILY = "1,2";
			};
			name = Debug;
		};
		4A1016AC22C651EE00236239 /* Release */ = {
			isa = XCBuildConfiguration;
			baseConfigurationReference = B1A5DF5DD80A94ED1D8C9A2F /* Pods-ProductHuntDemo.release.xcconfig */;
			buildSettings = {
				ASSETCATALOG_COMPILER_APPICON_NAME = AppIcon;
				CODE_SIGN_STYLE = Automatic;
				INFOPLIST_FILE = ProductHuntDemo/Info.plist;
				LD_RUNPATH_SEARCH_PATHS = (
					"$(inherited)",
					"@executable_path/Frameworks",
				);
				PRODUCT_BUNDLE_IDENTIFIER = com.ahmed.ProductHuntDemo;
				PRODUCT_NAME = "$(TARGET_NAME)";
				SWIFT_VERSION = 5.0;
				TARGETED_DEVICE_FAMILY = "1,2";
			};
			name = Release;
		};
		4A1016AE22C651EE00236239 /* Debug */ = {
			isa = XCBuildConfiguration;
			buildSettings = {
				ALWAYS_EMBED_SWIFT_STANDARD_LIBRARIES = YES;
				BUNDLE_LOADER = "$(TEST_HOST)";
				CODE_SIGN_STYLE = Automatic;
				INFOPLIST_FILE = ProductHuntDemoTests/Info.plist;
				LD_RUNPATH_SEARCH_PATHS = (
					"$(inherited)",
					"@executable_path/Frameworks",
					"@loader_path/Frameworks",
				);
				PRODUCT_BUNDLE_IDENTIFIER = com.ahmed.ProductHuntDemoTests;
				PRODUCT_NAME = "$(TARGET_NAME)";
				SWIFT_VERSION = 5.0;
				TARGETED_DEVICE_FAMILY = "1,2";
				TEST_HOST = "$(BUILT_PRODUCTS_DIR)/ProductHuntDemo.app/ProductHuntDemo";
			};
			name = Debug;
		};
		4A1016AF22C651EE00236239 /* Release */ = {
			isa = XCBuildConfiguration;
			buildSettings = {
				ALWAYS_EMBED_SWIFT_STANDARD_LIBRARIES = YES;
				BUNDLE_LOADER = "$(TEST_HOST)";
				CODE_SIGN_STYLE = Automatic;
				INFOPLIST_FILE = ProductHuntDemoTests/Info.plist;
				LD_RUNPATH_SEARCH_PATHS = (
					"$(inherited)",
					"@executable_path/Frameworks",
					"@loader_path/Frameworks",
				);
				PRODUCT_BUNDLE_IDENTIFIER = com.ahmed.ProductHuntDemoTests;
				PRODUCT_NAME = "$(TARGET_NAME)";
				SWIFT_VERSION = 5.0;
				TARGETED_DEVICE_FAMILY = "1,2";
				TEST_HOST = "$(BUILT_PRODUCTS_DIR)/ProductHuntDemo.app/ProductHuntDemo";
			};
			name = Release;
		};
		4A1016B122C651EE00236239 /* Debug */ = {
			isa = XCBuildConfiguration;
			buildSettings = {
				ALWAYS_EMBED_SWIFT_STANDARD_LIBRARIES = YES;
				CODE_SIGN_STYLE = Automatic;
				INFOPLIST_FILE = ProductHuntDemoUITests/Info.plist;
				LD_RUNPATH_SEARCH_PATHS = (
					"$(inherited)",
					"@executable_path/Frameworks",
					"@loader_path/Frameworks",
				);
				PRODUCT_BUNDLE_IDENTIFIER = com.ahmed.ProductHuntDemoUITests;
				PRODUCT_NAME = "$(TARGET_NAME)";
				SWIFT_VERSION = 5.0;
				TARGETED_DEVICE_FAMILY = "1,2";
				TEST_TARGET_NAME = ProductHuntDemo;
			};
			name = Debug;
		};
		4A1016B222C651EE00236239 /* Release */ = {
			isa = XCBuildConfiguration;
			buildSettings = {
				ALWAYS_EMBED_SWIFT_STANDARD_LIBRARIES = YES;
				CODE_SIGN_STYLE = Automatic;
				INFOPLIST_FILE = ProductHuntDemoUITests/Info.plist;
				LD_RUNPATH_SEARCH_PATHS = (
					"$(inherited)",
					"@executable_path/Frameworks",
					"@loader_path/Frameworks",
				);
				PRODUCT_BUNDLE_IDENTIFIER = com.ahmed.ProductHuntDemoUITests;
				PRODUCT_NAME = "$(TARGET_NAME)";
				SWIFT_VERSION = 5.0;
				TARGETED_DEVICE_FAMILY = "1,2";
				TEST_TARGET_NAME = ProductHuntDemo;
			};
			name = Release;
		};
/* End XCBuildConfiguration section */

/* Begin XCConfigurationList section */
		4A10167D22C651E800236239 /* Build configuration list for PBXProject "ProductHuntDemo" */ = {
			isa = XCConfigurationList;
			buildConfigurations = (
				4A1016A822C651EE00236239 /* Debug */,
				4A1016A922C651EE00236239 /* Release */,
			);
			defaultConfigurationIsVisible = 0;
			defaultConfigurationName = Release;
		};
		4A1016AA22C651EE00236239 /* Build configuration list for PBXNativeTarget "ProductHuntDemo" */ = {
			isa = XCConfigurationList;
			buildConfigurations = (
				4A1016AB22C651EE00236239 /* Debug */,
				4A1016AC22C651EE00236239 /* Release */,
			);
			defaultConfigurationIsVisible = 0;
			defaultConfigurationName = Release;
		};
		4A1016AD22C651EE00236239 /* Build configuration list for PBXNativeTarget "ProductHuntDemoTests" */ = {
			isa = XCConfigurationList;
			buildConfigurations = (
				4A1016AE22C651EE00236239 /* Debug */,
				4A1016AF22C651EE00236239 /* Release */,
			);
			defaultConfigurationIsVisible = 0;
			defaultConfigurationName = Release;
		};
		4A1016B022C651EE00236239 /* Build configuration list for PBXNativeTarget "ProductHuntDemoUITests" */ = {
			isa = XCConfigurationList;
			buildConfigurations = (
				4A1016B122C651EE00236239 /* Debug */,
				4A1016B222C651EE00236239 /* Release */,
			);
			defaultConfigurationIsVisible = 0;
			defaultConfigurationName = Release;
		};
/* End XCConfigurationList section */
	};
	rootObject = 4A10167A22C651E800236239 /* Project object */;
}
